// !$*UTF8*$!
{
	archiveVersion = 1;
	classes = {
	};
	objectVersion = 46;
	objects = {

/* Begin PBXBuildFile section */
		E7F01C791C2188BA00DA4C5D /* main.m in Sources */ = {isa = PBXBuildFile; fileRef = E7F01C781C2188BA00DA4C5D /* main.m */; };
		E7F01C7C1C2188BA00DA4C5D /* AppDelegate.m in Sources */ = {isa = PBXBuildFile; fileRef = E7F01C7B1C2188BA00DA4C5D /* AppDelegate.m */; };
		E7F01C7F1C2188BA00DA4C5D /* ViewController.m in Sources */ = {isa = PBXBuildFile; fileRef = E7F01C7E1C2188BA00DA4C5D /* ViewController.m */; };
		E7F01C821C2188BA00DA4C5D /* Main.storyboard in Resources */ = {isa = PBXBuildFile; fileRef = E7F01C801C2188BA00DA4C5D /* Main.storyboard */; };
		E7F01C841C2188BA00DA4C5D /* Assets.xcassets in Resources */ = {isa = PBXBuildFile; fileRef = E7F01C831C2188BA00DA4C5D /* Assets.xcassets */; };
		E7F01C871C2188BA00DA4C5D /* LaunchScreen.storyboard in Resources */ = {isa = PBXBuildFile; fileRef = E7F01C851C2188BA00DA4C5D /* LaunchScreen.storyboard */; };
		E7F01C921C2188BA00DA4C5D /* button_funTests.m in Sources */ = {isa = PBXBuildFile; fileRef = E7F01C911C2188BA00DA4C5D /* button_funTests.m */; };
		E7F01C9D1C2188BA00DA4C5D /* button_funUITests.m in Sources */ = {isa = PBXBuildFile; fileRef = E7F01C9C1C2188BA00DA4C5D /* button_funUITests.m */; };
/* End PBXBuildFile section */

/* Begin PBXContainerItemProxy section */
		E7F01C8E1C2188BA00DA4C5D /* PBXContainerItemProxy */ = {
			isa = PBXContainerItemProxy;
			containerPortal = E7F01C6C1C2188BA00DA4C5D /* Project object */;
			proxyType = 1;
			remoteGlobalIDString = E7F01C731C2188BA00DA4C5D;
			remoteInfo = "button fun";
		};
		E7F01C991C2188BA00DA4C5D /* PBXContainerItemProxy */ = {
			isa = PBXContainerItemProxy;
			containerPortal = E7F01C6C1C2188BA00DA4C5D /* Project object */;
			proxyType = 1;
			remoteGlobalIDString = E7F01C731C2188BA00DA4C5D;
			remoteInfo = "button fun";
		};
/* End PBXContainerItemProxy section */

/* Begin PBXFileReference section */
		E7F01C741C2188BA00DA4C5D /* button fun.app */ = {isa = PBXFileReference; explicitFileType = wrapper.application; includeInIndex = 0; path = "button fun.app"; sourceTree = BUILT_PRODUCTS_DIR; };
		E7F01C781C2188BA00DA4C5D /* main.m */ = {isa = PBXFileReference; lastKnownFileType = sourcecode.c.objc; path = main.m; sourceTree = "<group>"; };
		E7F01C7A1C2188BA00DA4C5D /* AppDelegate.h */ = {isa = PBXFileReference; lastKnownFileType = sourcecode.c.h; path = AppDelegate.h; sourceTree = "<group>"; };
		E7F01C7B1C2188BA00DA4C5D /* AppDelegate.m */ = {isa = PBXFileReference; lastKnownFileType = sourcecode.c.objc; path = AppDelegate.m; sourceTree = "<group>"; };
		E7F01C7D1C2188BA00DA4C5D /* ViewController.h */ = {isa = PBXFileReference; lastKnownFileType = sourcecode.c.h; path = ViewController.h; sourceTree = "<group>"; };
		E7F01C7E1C2188BA00DA4C5D /* ViewController.m */ = {isa = PBXFileReference; lastKnownFileType = sourcecode.c.objc; path = ViewController.m; sourceTree = "<group>"; };
		E7F01C811C2188BA00DA4C5D /* Base */ = {isa = PBXFileReference; lastKnownFileType = file.storyboard; name = Base; path = Base.lproj/Main.storyboard; sourceTree = "<group>"; };
		E7F01C831C2188BA00DA4C5D /* Assets.xcassets */ = {isa = PBXFileReference; lastKnownFileType = folder.assetcatalog; path = Assets.xcassets; sourceTree = "<group>"; };
		E7F01C861C2188BA00DA4C5D /* Base */ = {isa = PBXFileReference; lastKnownFileType = file.storyboard; name = Base; path = Base.lproj/LaunchScreen.storyboard; sourceTree = "<group>"; };
		E7F01C881C2188BA00DA4C5D /* Info.plist */ = {isa = PBXFileReference; lastKnownFileType = text.plist.xml; path = Info.plist; sourceTree = "<group>"; };
		E7F01C8D1C2188BA00DA4C5D /* button funTests.xctest */ = {isa = PBXFileReference; explicitFileType = wrapper.cfbundle; includeInIndex = 0; path = "button funTests.xctest"; sourceTree = BUILT_PRODUCTS_DIR; };
		E7F01C911C2188BA00DA4C5D /* button_funTests.m */ = {isa = PBXFileReference; lastKnownFileType = sourcecode.c.objc; path = button_funTests.m; sourceTree = "<group>"; };
		E7F01C931C2188BA00DA4C5D /* Info.plist */ = {isa = PBXFileReference; lastKnownFileType = text.plist.xml; path = Info.plist; sourceTree = "<group>"; };
		E7F01C981C2188BA00DA4C5D /* button funUITests.xctest */ = {isa = PBXFileReference; explicitFileType = wrapper.cfbundle; includeInIndex = 0; path = "button funUITests.xctest"; sourceTree = BUILT_PRODUCTS_DIR; };
		E7F01C9C1C2188BA00DA4C5D /* button_funUITests.m */ = {isa = PBXFileReference; lastKnownFileType = sourcecode.c.objc; path = button_funUITests.m; sourceTree = "<group>"; };
		E7F01C9E1C2188BA00DA4C5D /* Info.plist */ = {isa = PBXFileReference; lastKnownFileType = text.plist.xml; path = Info.plist; sourceTree = "<group>"; };
/* End PBXFileReference section */

/* Begin PBXFrameworksBuildPhase section */
		E7F01C711C2188BA00DA4C5D /* Frameworks */ = {
			isa = PBXFrameworksBuildPhase;
			buildActionMask = 2147483647;
			files = (
			);
			runOnlyForDeploymentPostprocessing = 0;
		};
		E7F01C8A1C2188BA00DA4C5D /* Frameworks */ = {
			isa = PBXFrameworksBuildPhase;
			buildActionMask = 2147483647;
			files = (
			);
			runOnlyForDeploymentPostprocessing = 0;
		};
		E7F01C951C2188BA00DA4C5D /* Frameworks */ = {
			isa = PBXFrameworksBuildPhase;
			buildActionMask = 2147483647;
			files = (
			);
			runOnlyForDeploymentPostprocessing = 0;
		};
/* End PBXFrameworksBuildPhase section */

/* Begin PBXGroup section */
		E7F01C6B1C2188BA00DA4C5D = {
			isa = PBXGroup;
			children = (
				E7F01C761C2188BA00DA4C5D /* button fun */,
				E7F01C901C2188BA00DA4C5D /* button funTests */,
				E7F01C9B1C2188BA00DA4C5D /* button funUITests */,
				E7F01C751C2188BA00DA4C5D /* Products */,
			);
			sourceTree = "<group>";
		};
		E7F01C751C2188BA00DA4C5D /* Products */ = {
			isa = PBXGroup;
			children = (
				E7F01C741C2188BA00DA4C5D /* button fun.app */,
				E7F01C8D1C2188BA00DA4C5D /* button funTests.xctest */,
				E7F01C981C2188BA00DA4C5D /* button funUITests.xctest */,
			);
			name = Products;
			sourceTree = "<group>";
		};
		E7F01C761C2188BA00DA4C5D /* button fun */ = {
			isa = PBXGroup;
			children = (
				E7F01C7A1C2188BA00DA4C5D /* AppDelegate.h */,
				E7F01C7B1C2188BA00DA4C5D /* AppDelegate.m */,
				E7F01C7D1C2188BA00DA4C5D /* ViewController.h */,
				E7F01C7E1C2188BA00DA4C5D /* ViewController.m */,
				E7F01C801C2188BA00DA4C5D /* Main.storyboard */,
				E7F01C831C2188BA00DA4C5D /* Assets.xcassets */,
				E7F01C851C2188BA00DA4C5D /* LaunchScreen.storyboard */,
				E7F01C881C2188BA00DA4C5D /* Info.plist */,
				E7F01C771C2188BA00DA4C5D /* Supporting Files */,
			);
			path = "button fun";
			sourceTree = "<group>";
		};
		E7F01C771C2188BA00DA4C5D /* Supporting Files */ = {
			isa = PBXGroup;
			children = (
				E7F01C781C2188BA00DA4C5D /* main.m */,
			);
			name = "Supporting Files";
			sourceTree = "<group>";
		};
		E7F01C901C2188BA00DA4C5D /* button funTests */ = {
			isa = PBXGroup;
			children = (
				E7F01C911C2188BA00DA4C5D /* button_funTests.m */,
				E7F01C931C2188BA00DA4C5D /* Info.plist */,
			);
			path = "button funTests";
			sourceTree = "<group>";
		};
		E7F01C9B1C2188BA00DA4C5D /* button funUITests */ = {
			isa = PBXGroup;
			children = (
				E7F01C9C1C2188BA00DA4C5D /* button_funUITests.m */,
				E7F01C9E1C2188BA00DA4C5D /* Info.plist */,
			);
			path = "button funUITests";
			sourceTree = "<group>";
		};
/* End PBXGroup section */

/* Begin PBXNativeTarget section */
		E7F01C731C2188BA00DA4C5D /* button fun */ = {
			isa = PBXNativeTarget;
			buildConfigurationList = E7F01CA11C2188BA00DA4C5D /* Build configuration list for PBXNativeTarget "button fun" */;
			buildPhases = (
				E7F01C701C2188BA00DA4C5D /* Sources */,
				E7F01C711C2188BA00DA4C5D /* Frameworks */,
				E7F01C721C2188BA00DA4C5D /* Resources */,
			);
			buildRules = (
			);
			dependencies = (
			);
			name = "button fun";
			productName = "button fun";
			productReference = E7F01C741C2188BA00DA4C5D /* button fun.app */;
			productType = "com.apple.product-type.application";
		};
		E7F01C8C1C2188BA00DA4C5D /* button funTests */ = {
			isa = PBXNativeTarget;
			buildConfigurationList = E7F01CA41C2188BA00DA4C5D /* Build configuration list for PBXNativeTarget "button funTests" */;
			buildPhases = (
				E7F01C891C2188BA00DA4C5D /* Sources */,
				E7F01C8A1C2188BA00DA4C5D /* Frameworks */,
				E7F01C8B1C2188BA00DA4C5D /* Resources */,
			);
			buildRules = (
			);
			dependencies = (
				E7F01C8F1C2188BA00DA4C5D /* PBXTargetDependency */,
			);
			name = "button funTests";
			productName = "button funTests";
			productReference = E7F01C8D1C2188BA00DA4C5D /* button funTests.xctest */;
			productType = "com.apple.product-type.bundle.unit-test";
		};
		E7F01C971C2188BA00DA4C5D /* button funUITests */ = {
			isa = PBXNativeTarget;
			buildConfigurationList = E7F01CA71C2188BA00DA4C5D /* Build configuration list for PBXNativeTarget "button funUITests" */;
			buildPhases = (
				E7F01C941C2188BA00DA4C5D /* Sources */,
				E7F01C951C2188BA00DA4C5D /* Frameworks */,
				E7F01C961C2188BA00DA4C5D /* Resources */,
			);
			buildRules = (
			);
			dependencies = (
				E7F01C9A1C2188BA00DA4C5D /* PBXTargetDependency */,
			);
			name = "button funUITests";
			productName = "button funUITests";
			productReference = E7F01C981C2188BA00DA4C5D /* button funUITests.xctest */;
			productType = "com.apple.product-type.bundle.ui-testing";
		};
/* End PBXNativeTarget section */

/* Begin PBXProject section */
		E7F01C6C1C2188BA00DA4C5D /* Project object */ = {
			isa = PBXProject;
			attributes = {
				LastUpgradeCheck = 0710;
				ORGANIZATIONNAME = ke;
				TargetAttributes = {
					E7F01C731C2188BA00DA4C5D = {
						CreatedOnToolsVersion = 7.1.1;
					};
					E7F01C8C1C2188BA00DA4C5D = {
						CreatedOnToolsVersion = 7.1.1;
						TestTargetID = E7F01C731C2188BA00DA4C5D;
					};
					E7F01C971C2188BA00DA4C5D = {
						CreatedOnToolsVersion = 7.1.1;
						TestTargetID = E7F01C731C2188BA00DA4C5D;
					};
				};
			};
			buildConfigurationList = E7F01C6F1C2188BA00DA4C5D /* Build configuration list for PBXProject "button fun" */;
			compatibilityVersion = "Xcode 3.2";
			developmentRegion = English;
			hasScannedForEncodings = 0;
			knownRegions = (
				en,
				Base,
			);
			mainGroup = E7F01C6B1C2188BA00DA4C5D;
			productRefGroup = E7F01C751C2188BA00DA4C5D /* Products */;
			projectDirPath = "";
			projectRoot = "";
			targets = (
				E7F01C731C2188BA00DA4C5D /* button fun */,
				E7F01C8C1C2188BA00DA4C5D /* button funTests */,
				E7F01C971C2188BA00DA4C5D /* button funUITests */,
			);
		};
/* End PBXProject section */

/* Begin PBXResourcesBuildPhase section */
		E7F01C721C2188BA00DA4C5D /* Resources */ = {
			isa = PBXResourcesBuildPhase;
			buildActionMask = 2147483647;
			files = (
				E7F01C871C2188BA00DA4C5D /* LaunchScreen.storyboard in Resources */,
				E7F01C841C2188BA00DA4C5D /* Assets.xcassets in Resources */,
				E7F01C821C2188BA00DA4C5D /* Main.storyboard in Resources */,
			);
			runOnlyForDeploymentPostprocessing = 0;
		};
		E7F01C8B1C2188BA00DA4C5D /* Resources */ = {
			isa = PBXResourcesBuildPhase;
			buildActionMask = 2147483647;
			files = (
			);
			runOnlyForDeploymentPostprocessing = 0;
		};
		E7F01C961C2188BA00DA4C5D /* Resources */ = {
			isa = PBXResourcesBuildPhase;
			buildActionMask = 2147483647;
			files = (
			);
			runOnlyForDeploymentPostprocessing = 0;
		};
/* End PBXResourcesBuildPhase section */

/* Begin PBXSourcesBuildPhase section */
		E7F01C701C2188BA00DA4C5D /* Sources */ = {
			isa = PBXSourcesBuildPhase;
			buildActionMask = 2147483647;
			files = (
				E7F01C7F1C2188BA00DA4C5D /* ViewController.m in Sources */,
				E7F01C7C1C2188BA00DA4C5D /* AppDelegate.m in Sources */,
				E7F01C791C2188BA00DA4C5D /* main.m in Sources */,
			);
			runOnlyForDeploymentPostprocessing = 0;
		};
		E7F01C891C2188BA00DA4C5D /* Sources */ = {
			isa = PBXSourcesBuildPhase;
			buildActionMask = 2147483647;
			files = (
				E7F01C921C2188BA00DA4C5D /* button_funTests.m in Sources */,
			);
			runOnlyForDeploymentPostprocessing = 0;
		};
		E7F01C941C2188BA00DA4C5D /* Sources */ = {
			isa = PBXSourcesBuildPhase;
			buildActionMask = 2147483647;
			files = (
				E7F01C9D1C2188BA00DA4C5D /* button_funUITests.m in Sources */,
			);
			runOnlyForDeploymentPostprocessing = 0;
		};
/* End PBXSourcesBuildPhase section */

/* Begin PBXTargetDependency section */
		E7F01C8F1C2188BA00DA4C5D /* PBXTargetDependency */ = {
			isa = PBXTargetDependency;
			target = E7F01C731C2188BA00DA4C5D /* button fun */;
			targetProxy = E7F01C8E1C2188BA00DA4C5D /* PBXContainerItemProxy */;
		};
		E7F01C9A1C2188BA00DA4C5D /* PBXTargetDependency */ = {
			isa = PBXTargetDependency;
			target = E7F01C731C2188BA00DA4C5D /* button fun */;
			targetProxy = E7F01C991C2188BA00DA4C5D /* PBXContainerItemProxy */;
		};
/* End PBXTargetDependency section */

/* Begin PBXVariantGroup section */
		E7F01C801C2188BA00DA4C5D /* Main.storyboard */ = {
			isa = PBXVariantGroup;
			children = (
				E7F01C811C2188BA00DA4C5D /* Base */,
			);
			name = Main.storyboard;
			sourceTree = "<group>";
		};
		E7F01C851C2188BA00DA4C5D /* LaunchScreen.storyboard */ = {
			isa = PBXVariantGroup;
			children = (
				E7F01C861C2188BA00DA4C5D /* Base */,
			);
			name = LaunchScreen.storyboard;
			sourceTree = "<group>";
		};
/* End PBXVariantGroup section */

/* Begin XCBuildConfiguration section */
		E7F01C9F1C2188BA00DA4C5D /* Debug */ = {
			isa = XCBuildConfiguration;
			buildSettings = {
				ALWAYS_SEARCH_USER_PATHS = NO;
				CLANG_CXX_LANGUAGE_STANDARD = "gnu++0x";
				CLANG_CXX_LIBRARY = "libc++";
				CLANG_ENABLE_MODULES = YES;
				CLANG_ENABLE_OBJC_ARC = YES;
				CLANG_WARN_BOOL_CONVERSION = YES;
				CLANG_WARN_CONSTANT_CONVERSION = YES;
				CLANG_WARN_DIRECT_OBJC_ISA_USAGE = YES_ERROR;
				CLANG_WARN_EMPTY_BODY = YES;
				CLANG_WARN_ENUM_CONVERSION = YES;
				CLANG_WARN_INT_CONVERSION = YES;
				CLANG_WARN_OBJC_ROOT_CLASS = YES_ERROR;
				CLANG_WARN_UNREACHABLE_CODE = YES;
				CLANG_WARN__DUPLICATE_METHOD_MATCH = YES;
				"CODE_SIGN_IDENTITY[sdk=iphoneos*]" = "iPhone Developer";
				COPY_PHASE_STRIP = NO;
				DEBUG_INFORMATION_FORMAT = dwarf;
				ENABLE_STRICT_OBJC_MSGSEND = YES;
				ENABLE_TESTABILITY = YES;
				GCC_C_LANGUAGE_STANDARD = gnu99;
				GCC_DYNAMIC_NO_PIC = NO;
				GCC_NO_COMMON_BLOCKS = YES;
				GCC_OPTIMIZATION_LEVEL = 0;
				GCC_PREPROCESSOR_DEFINITIONS = (
					"DEBUG=1",
					"$(inherited)",
				);
				GCC_WARN_64_TO_32_BIT_CONVERSION = YES;
				GCC_WARN_ABOUT_RETURN_TYPE = YES_ERROR;
				GCC_WARN_UNDECLARED_SELECTOR = YES;
				GCC_WARN_UNINITIALIZED_AUTOS = YES_AGGRESSIVE;
				GCC_WARN_UNUSED_FUNCTION = YES;
				GCC_WARN_UNUSED_VARIABLE = YES;
				IPHONEOS_DEPLOYMENT_TARGET = 9.1;
				MTL_ENABLE_DEBUG_INFO = YES;
				ONLY_ACTIVE_ARCH = YES;
				SDKROOT = iphoneos;
			};
			name = Debug;
		};
		E7F01CA01C2188BA00DA4C5D /* Release */ = {
			isa = XCBuildConfiguration;
			buildSettings = {
				ALWAYS_SEARCH_USER_PATHS = NO;
				CLANG_CXX_LANGUAGE_STANDARD = "gnu++0x";
				CLANG_CXX_LIBRARY = "libc++";
				CLANG_ENABLE_MODULES = YES;
				CLANG_ENABLE_OBJC_ARC = YES;
				CLANG_WARN_BOOL_CONVERSION = YES;
				CLANG_WARN_CONSTANT_CONVERSION = YES;
				CLANG_WARN_DIRECT_OBJC_ISA_USAGE = YES_ERROR;
				CLANG_WARN_EMPTY_BODY = YES;
				CLANG_WARN_ENUM_CONVERSION = YES;
				CLANG_WARN_INT_CONVERSION = YES;
				CLANG_WARN_OBJC_ROOT_CLASS = YES_ERROR;
				CLANG_WARN_UNREACHABLE_CODE = YES;
				CLANG_WARN__DUPLICATE_METHOD_MATCH = YES;
				"CODE_SIGN_IDENTITY[sdk=iphoneos*]" = "iPhone Developer";
				COPY_PHASE_STRIP = NO;
				DEBUG_INFORMATION_FORMAT = "dwarf-with-dsym";
				ENABLE_NS_ASSERTIONS = NO;
				ENABLE_STRICT_OBJC_MSGSEND = YES;
				GCC_C_LANGUAGE_STANDARD = gnu99;
				GCC_NO_COMMON_BLOCKS = YES;
				GCC_WARN_64_TO_32_BIT_CONVERSION = YES;
				GCC_WARN_ABOUT_RETURN_TYPE = YES_ERROR;
				GCC_WARN_UNDECLARED_SELECTOR = YES;
				GCC_WARN_UNINITIALIZED_AUTOS = YES_AGGRESSIVE;
				GCC_WARN_UNUSED_FUNCTION = YES;
				GCC_WARN_UNUSED_VARIABLE = YES;
				IPHONEOS_DEPLOYMENT_TARGET = 9.1;
				MTL_ENABLE_DEBUG_INFO = NO;
				SDKROOT = iphoneos;
				VALIDATE_PRODUCT = YES;
			};
			name = Release;
		};
		E7F01CA21C2188BA00DA4C5D /* Debug */ = {
			isa = XCBuildConfiguration;
			buildSettings = {
				ASSETCATALOG_COMPILER_APPICON_NAME = AppIcon;
				INFOPLIST_FILE = "button fun/Info.plist";
				LD_RUNPATH_SEARCH_PATHS = "$(inherited) @executable_path/Frameworks";
				PRODUCT_BUNDLE_IDENTIFIER = "kerr.button-fun";
				PRODUCT_NAME = "$(TARGET_NAME)";
			};
			name = Debug;
		};
		E7F01CA31C2188BA00DA4C5D /* Release */ = {
			isa = XCBuildConfiguration;
			buildSettings = {
				ASSETCATALOG_COMPILER_APPICON_NAME = AppIcon;
				INFOPLIST_FILE = "button fun/Info.plist";
				LD_RUNPATH_SEARCH_PATHS = "$(inherited) @executable_path/Frameworks";
				PRODUCT_BUNDLE_IDENTIFIER = "kerr.button-fun";
				PRODUCT_NAME = "$(TARGET_NAME)";
			};
			name = Release;
		};
		E7F01CA51C2188BA00DA4C5D /* Debug */ = {
			isa = XCBuildConfiguration;
			buildSettings = {
				BUNDLE_LOADER = "$(TEST_HOST)";
				INFOPLIST_FILE = "button funTests/Info.plist";
				LD_RUNPATH_SEARCH_PATHS = "$(inherited) @executable_path/Frameworks @loader_path/Frameworks";
				PRODUCT_BUNDLE_IDENTIFIER = "kerr.button-funTests";
				PRODUCT_NAME = "$(TARGET_NAME)";
				TEST_HOST = "$(BUILT_PRODUCTS_DIR)/button fun.app/button fun";
			};
			name = Debug;
		};
		E7F01CA61C2188BA00DA4C5D /* Release */ = {
			isa = XCBuildConfiguration;
			buildSettings = {
				BUNDLE_LOADER = "$(TEST_HOST)";
				INFOPLIST_FILE = "button funTests/Info.plist";
				LD_RUNPATH_SEARCH_PATHS = "$(inherited) @executable_path/Frameworks @loader_path/Frameworks";
				PRODUCT_BUNDLE_IDENTIFIER = "kerr.button-funTests";
				PRODUCT_NAME = "$(TARGET_NAME)";
				TEST_HOST = "$(BUILT_PRODUCTS_DIR)/button fun.app/button fun";
			};
			name = Release;
		};
		E7F01CA81C2188BA00DA4C5D /* Debug */ = {
			isa = XCBuildConfiguration;
			buildSettings = {
				INFOPLIST_FILE = "button funUITests/Info.plist";
				LD_RUNPATH_SEARCH_PATHS = "$(inherited) @executable_path/Frameworks @loader_path/Frameworks";
				PRODUCT_BUNDLE_IDENTIFIER = "kerr.button-funUITests";
				PRODUCT_NAME = "$(TARGET_NAME)";
				TEST_TARGET_NAME = "button fun";
				USES_XCTRUNNER = YES;
			};
			name = Debug;
		};
		E7F01CA91C2188BA00DA4C5D /* Release */ = {
			isa = XCBuildConfiguration;
			buildSettings = {
				INFOPLIST_FILE = "button funUITests/Info.plist";
				LD_RUNPATH_SEARCH_PATHS = "$(inherited) @executable_path/Frameworks @loader_path/Frameworks";
				PRODUCT_BUNDLE_IDENTIFIER = "kerr.button-funUITests";
				PRODUCT_NAME = "$(TARGET_NAME)";
				TEST_TARGET_NAME = "button fun";
				USES_XCTRUNNER = YES;
			};
			name = Release;
		};
/* End XCBuildConfiguration section */

/* Begin XCConfigurationList section */
		E7F01C6F1C2188BA00DA4C5D /* Build configuration list for PBXProject "button fun" */ = {
			isa = XCConfigurationList;
			buildConfigurations = (
				E7F01C9F1C2188BA00DA4C5D /* Debug */,
				E7F01CA01C2188BA00DA4C5D /* Release */,
			);
			defaultConfigurationIsVisible = 0;
			defaultConfigurationName = Release;
		};
		E7F01CA11C2188BA00DA4C5D /* Build configuration list for PBXNativeTarget "button fun" */ = {
			isa = XCConfigurationList;
			buildConfigurations = (
				E7F01CA21C2188BA00DA4C5D /* Debug */,
				E7F01CA31C2188BA00DA4C5D /* Release */,
			);
			defaultConfigurationIsVisible = 0;
		};
		E7F01CA41C2188BA00DA4C5D /* Build configuration list for PBXNativeTarget "button funTests" */ = {
			isa = XCConfigurationList;
			buildConfigurations = (
				E7F01CA51C2188BA00DA4C5D /* Debug */,
				E7F01CA61C2188BA00DA4C5D /* Release */,
			);
			defaultConfigurationIsVisible = 0;
		};
		E7F01CA71C2188BA00DA4C5D /* Build configuration list for PBXNativeTarget "button funUITests" */ = {
			isa = XCConfigurationList;
			buildConfigurations = (
				E7F01CA81C2188BA00DA4C5D /* Debug */,
				E7F01CA91C2188BA00DA4C5D /* Release */,
			);
			defaultConfigurationIsVisible = 0;
		};
/* End XCConfigurationList section */
	};
	rootObject = E7F01C6C1C2188BA00DA4C5D /* Project object */;
}
