// !$*UTF8*$!
{
	archiveVersion = 1;
	classes = {
	};
	objectVersion = 46;
	objects = {

/* Begin PBXBuildFile section */
		E7808E041C2C20A300F766BF /* main.m in Sources */ = {isa = PBXBuildFile; fileRef = E7808E031C2C20A300F766BF /* main.m */; };
		E7808E071C2C20A300F766BF /* AppDelegate.m in Sources */ = {isa = PBXBuildFile; fileRef = E7808E061C2C20A300F766BF /* AppDelegate.m */; };
		E7808E0A1C2C20A300F766BF /* SwitchingViewController.m in Sources */ = {isa = PBXBuildFile; fileRef = E7808E091C2C20A300F766BF /* SwitchingViewController.m */; };
		E7808E0D1C2C20A300F766BF /* Main.storyboard in Resources */ = {isa = PBXBuildFile; fileRef = E7808E0B1C2C20A300F766BF /* Main.storyboard */; };
		E7808E0F1C2C20A300F766BF /* Assets.xcassets in Resources */ = {isa = PBXBuildFile; fileRef = E7808E0E1C2C20A300F766BF /* Assets.xcassets */; };
		E7808E121C2C20A300F766BF /* LaunchScreen.storyboard in Resources */ = {isa = PBXBuildFile; fileRef = E7808E101C2C20A300F766BF /* LaunchScreen.storyboard */; };
		E7808E1D1C2C20A300F766BF /* View_SwitcherTests.m in Sources */ = {isa = PBXBuildFile; fileRef = E7808E1C1C2C20A300F766BF /* View_SwitcherTests.m */; };
		E7808E281C2C20A400F766BF /* View_SwitcherUITests.m in Sources */ = {isa = PBXBuildFile; fileRef = E7808E271C2C20A400F766BF /* View_SwitcherUITests.m */; };
		E7808E371C2C213F00F766BF /* BlueViewController.m in Sources */ = {isa = PBXBuildFile; fileRef = E7808E361C2C213F00F766BF /* BlueViewController.m */; };
		E7808E3A1C2C216600F766BF /* YellowViewController.m in Sources */ = {isa = PBXBuildFile; fileRef = E7808E391C2C216600F766BF /* YellowViewController.m */; };
/* End PBXBuildFile section */

/* Begin PBXContainerItemProxy section */
		E7808E191C2C20A300F766BF /* PBXContainerItemProxy */ = {
			isa = PBXContainerItemProxy;
			containerPortal = E7808DF71C2C20A300F766BF /* Project object */;
			proxyType = 1;
			remoteGlobalIDString = E7808DFE1C2C20A300F766BF;
			remoteInfo = "View Switcher";
		};
		E7808E241C2C20A300F766BF /* PBXContainerItemProxy */ = {
			isa = PBXContainerItemProxy;
			containerPortal = E7808DF71C2C20A300F766BF /* Project object */;
			proxyType = 1;
			remoteGlobalIDString = E7808DFE1C2C20A300F766BF;
			remoteInfo = "View Switcher";
		};
/* End PBXContainerItemProxy section */

/* Begin PBXFileReference section */
		E7808DFF1C2C20A300F766BF /* View Switcher.app */ = {isa = PBXFileReference; explicitFileType = wrapper.application; includeInIndex = 0; path = "View Switcher.app"; sourceTree = BUILT_PRODUCTS_DIR; };
		E7808E031C2C20A300F766BF /* main.m */ = {isa = PBXFileReference; lastKnownFileType = sourcecode.c.objc; path = main.m; sourceTree = "<group>"; };
		E7808E051C2C20A300F766BF /* AppDelegate.h */ = {isa = PBXFileReference; lastKnownFileType = sourcecode.c.h; path = AppDelegate.h; sourceTree = "<group>"; };
		E7808E061C2C20A300F766BF /* AppDelegate.m */ = {isa = PBXFileReference; lastKnownFileType = sourcecode.c.objc; path = AppDelegate.m; sourceTree = "<group>"; };
		E7808E081C2C20A300F766BF /* SwitchingViewController.h */ = {isa = PBXFileReference; lastKnownFileType = sourcecode.c.h; path = SwitchingViewController.h; sourceTree = "<group>"; };
		E7808E091C2C20A300F766BF /* SwitchingViewController.m */ = {isa = PBXFileReference; lastKnownFileType = sourcecode.c.objc; path = SwitchingViewController.m; sourceTree = "<group>"; };
		E7808E0C1C2C20A300F766BF /* Base */ = {isa = PBXFileReference; lastKnownFileType = file.storyboard; name = Base; path = Base.lproj/Main.storyboard; sourceTree = "<group>"; };
		E7808E0E1C2C20A300F766BF /* Assets.xcassets */ = {isa = PBXFileReference; lastKnownFileType = folder.assetcatalog; path = Assets.xcassets; sourceTree = "<group>"; };
		E7808E111C2C20A300F766BF /* Base */ = {isa = PBXFileReference; lastKnownFileType = file.storyboard; name = Base; path = Base.lproj/LaunchScreen.storyboard; sourceTree = "<group>"; };
		E7808E131C2C20A300F766BF /* Info.plist */ = {isa = PBXFileReference; lastKnownFileType = text.plist.xml; path = Info.plist; sourceTree = "<group>"; };
		E7808E181C2C20A300F766BF /* View SwitcherTests.xctest */ = {isa = PBXFileReference; explicitFileType = wrapper.cfbundle; includeInIndex = 0; path = "View SwitcherTests.xctest"; sourceTree = BUILT_PRODUCTS_DIR; };
		E7808E1C1C2C20A300F766BF /* View_SwitcherTests.m */ = {isa = PBXFileReference; lastKnownFileType = sourcecode.c.objc; path = View_SwitcherTests.m; sourceTree = "<group>"; };
		E7808E1E1C2C20A300F766BF /* Info.plist */ = {isa = PBXFileReference; lastKnownFileType = text.plist.xml; path = Info.plist; sourceTree = "<group>"; };
		E7808E231C2C20A300F766BF /* View SwitcherUITests.xctest */ = {isa = PBXFileReference; explicitFileType = wrapper.cfbundle; includeInIndex = 0; path = "View SwitcherUITests.xctest"; sourceTree = BUILT_PRODUCTS_DIR; };
		E7808E271C2C20A400F766BF /* View_SwitcherUITests.m */ = {isa = PBXFileReference; lastKnownFileType = sourcecode.c.objc; path = View_SwitcherUITests.m; sourceTree = "<group>"; };
		E7808E291C2C20A400F766BF /* Info.plist */ = {isa = PBXFileReference; lastKnownFileType = text.plist.xml; path = Info.plist; sourceTree = "<group>"; };
		E7808E351C2C213F00F766BF /* BlueViewController.h */ = {isa = PBXFileReference; fileEncoding = 4; lastKnownFileType = sourcecode.c.h; path = BlueViewController.h; sourceTree = "<group>"; };
		E7808E361C2C213F00F766BF /* BlueViewController.m */ = {isa = PBXFileReference; fileEncoding = 4; lastKnownFileType = sourcecode.c.objc; path = BlueViewController.m; sourceTree = "<group>"; };
		E7808E381C2C216600F766BF /* YellowViewController.h */ = {isa = PBXFileReference; fileEncoding = 4; lastKnownFileType = sourcecode.c.h; path = YellowViewController.h; sourceTree = "<group>"; };
		E7808E391C2C216600F766BF /* YellowViewController.m */ = {isa = PBXFileReference; fileEncoding = 4; lastKnownFileType = sourcecode.c.objc; path = YellowViewController.m; sourceTree = "<group>"; };
/* End PBXFileReference section */

/* Begin PBXFrameworksBuildPhase section */
		E7808DFC1C2C20A300F766BF /* Frameworks */ = {
			isa = PBXFrameworksBuildPhase;
			buildActionMask = 2147483647;
			files = (
			);
			runOnlyForDeploymentPostprocessing = 0;
		};
		E7808E151C2C20A300F766BF /* Frameworks */ = {
			isa = PBXFrameworksBuildPhase;
			buildActionMask = 2147483647;
			files = (
			);
			runOnlyForDeploymentPostprocessing = 0;
		};
		E7808E201C2C20A300F766BF /* Frameworks */ = {
			isa = PBXFrameworksBuildPhase;
			buildActionMask = 2147483647;
			files = (
			);
			runOnlyForDeploymentPostprocessing = 0;
		};
/* End PBXFrameworksBuildPhase section */

/* Begin PBXGroup section */
		E7808DF61C2C20A300F766BF = {
			isa = PBXGroup;
			children = (
				E7808E011C2C20A300F766BF /* View Switcher */,
				E7808E1B1C2C20A300F766BF /* View SwitcherTests */,
				E7808E261C2C20A400F766BF /* View SwitcherUITests */,
				E7808E001C2C20A300F766BF /* Products */,
			);
			sourceTree = "<group>";
		};
		E7808E001C2C20A300F766BF /* Products */ = {
			isa = PBXGroup;
			children = (
				E7808DFF1C2C20A300F766BF /* View Switcher.app */,
				E7808E181C2C20A300F766BF /* View SwitcherTests.xctest */,
				E7808E231C2C20A300F766BF /* View SwitcherUITests.xctest */,
			);
			name = Products;
			sourceTree = "<group>";
		};
		E7808E011C2C20A300F766BF /* View Switcher */ = {
			isa = PBXGroup;
			children = (
				E7808E051C2C20A300F766BF /* AppDelegate.h */,
				E7808E061C2C20A300F766BF /* AppDelegate.m */,
				E7808E081C2C20A300F766BF /* SwitchingViewController.h */,
				E7808E091C2C20A300F766BF /* SwitchingViewController.m */,
				E7808E0B1C2C20A300F766BF /* Main.storyboard */,
				E7808E0E1C2C20A300F766BF /* Assets.xcassets */,
				E7808E101C2C20A300F766BF /* LaunchScreen.storyboard */,
				E7808E131C2C20A300F766BF /* Info.plist */,
				E7808E021C2C20A300F766BF /* Supporting Files */,
				E7808E351C2C213F00F766BF /* BlueViewController.h */,
				E7808E361C2C213F00F766BF /* BlueViewController.m */,
				E7808E381C2C216600F766BF /* YellowViewController.h */,
				E7808E391C2C216600F766BF /* YellowViewController.m */,
			);
			path = "View Switcher";
			sourceTree = "<group>";
		};
		E7808E021C2C20A300F766BF /* Supporting Files */ = {
			isa = PBXGroup;
			children = (
				E7808E031C2C20A300F766BF /* main.m */,
			);
			name = "Supporting Files";
			sourceTree = "<group>";
		};
		E7808E1B1C2C20A300F766BF /* View SwitcherTests */ = {
			isa = PBXGroup;
			children = (
				E7808E1C1C2C20A300F766BF /* View_SwitcherTests.m */,
				E7808E1E1C2C20A300F766BF /* Info.plist */,
			);
			path = "View SwitcherTests";
			sourceTree = "<group>";
		};
		E7808E261C2C20A400F766BF /* View SwitcherUITests */ = {
			isa = PBXGroup;
			children = (
				E7808E271C2C20A400F766BF /* View_SwitcherUITests.m */,
				E7808E291C2C20A400F766BF /* Info.plist */,
			);
			path = "View SwitcherUITests";
			sourceTree = "<group>";
		};
/* End PBXGroup section */

/* Begin PBXNativeTarget section */
		E7808DFE1C2C20A300F766BF /* View Switcher */ = {
			isa = PBXNativeTarget;
			buildConfigurationList = E7808E2C1C2C20A400F766BF /* Build configuration list for PBXNativeTarget "View Switcher" */;
			buildPhases = (
				E7808DFB1C2C20A300F766BF /* Sources */,
				E7808DFC1C2C20A300F766BF /* Frameworks */,
				E7808DFD1C2C20A300F766BF /* Resources */,
			);
			buildRules = (
			);
			dependencies = (
			);
			name = "View Switcher";
			productName = "View Switcher";
			productReference = E7808DFF1C2C20A300F766BF /* View Switcher.app */;
			productType = "com.apple.product-type.application";
		};
		E7808E171C2C20A300F766BF /* View SwitcherTests */ = {
			isa = PBXNativeTarget;
			buildConfigurationList = E7808E2F1C2C20A400F766BF /* Build configuration list for PBXNativeTarget "View SwitcherTests" */;
			buildPhases = (
				E7808E141C2C20A300F766BF /* Sources */,
				E7808E151C2C20A300F766BF /* Frameworks */,
				E7808E161C2C20A300F766BF /* Resources */,
			);
			buildRules = (
			);
			dependencies = (
				E7808E1A1C2C20A300F766BF /* PBXTargetDependency */,
			);
			name = "View SwitcherTests";
			productName = "View SwitcherTests";
			productReference = E7808E181C2C20A300F766BF /* View SwitcherTests.xctest */;
			productType = "com.apple.product-type.bundle.unit-test";
		};
		E7808E221C2C20A300F766BF /* View SwitcherUITests */ = {
			isa = PBXNativeTarget;
			buildConfigurationList = E7808E321C2C20A400F766BF /* Build configuration list for PBXNativeTarget "View SwitcherUITests" */;
			buildPhases = (
				E7808E1F1C2C20A300F766BF /* Sources */,
				E7808E201C2C20A300F766BF /* Frameworks */,
				E7808E211C2C20A300F766BF /* Resources */,
			);
			buildRules = (
			);
			dependencies = (
				E7808E251C2C20A300F766BF /* PBXTargetDependency */,
			);
			name = "View SwitcherUITests";
			productName = "View SwitcherUITests";
			productReference = E7808E231C2C20A300F766BF /* View SwitcherUITests.xctest */;
			productType = "com.apple.product-type.bundle.ui-testing";
		};
/* End PBXNativeTarget section */

/* Begin PBXProject section */
		E7808DF71C2C20A300F766BF /* Project object */ = {
			isa = PBXProject;
			attributes = {
				LastUpgradeCheck = 0710;
				ORGANIZATIONNAME = ke;
				TargetAttributes = {
					E7808DFE1C2C20A300F766BF = {
						CreatedOnToolsVersion = 7.1.1;
					};
					E7808E171C2C20A300F766BF = {
						CreatedOnToolsVersion = 7.1.1;
						TestTargetID = E7808DFE1C2C20A300F766BF;
					};
					E7808E221C2C20A300F766BF = {
						CreatedOnToolsVersion = 7.1.1;
						TestTargetID = E7808DFE1C2C20A300F766BF;
					};
				};
			};
			buildConfigurationList = E7808DFA1C2C20A300F766BF /* Build configuration list for PBXProject "View Switcher" */;
			compatibilityVersion = "Xcode 3.2";
			developmentRegion = English;
			hasScannedForEncodings = 0;
			knownRegions = (
				en,
				Base,
			);
			mainGroup = E7808DF61C2C20A300F766BF;
			productRefGroup = E7808E001C2C20A300F766BF /* Products */;
			projectDirPath = "";
			projectRoot = "";
			targets = (
				E7808DFE1C2C20A300F766BF /* View Switcher */,
				E7808E171C2C20A300F766BF /* View SwitcherTests */,
				E7808E221C2C20A300F766BF /* View SwitcherUITests */,
			);
		};
/* End PBXProject section */

/* Begin PBXResourcesBuildPhase section */
		E7808DFD1C2C20A300F766BF /* Resources */ = {
			isa = PBXResourcesBuildPhase;
			buildActionMask = 2147483647;
			files = (
				E7808E121C2C20A300F766BF /* LaunchScreen.storyboard in Resources */,
				E7808E0F1C2C20A300F766BF /* Assets.xcassets in Resources */,
				E7808E0D1C2C20A300F766BF /* Main.storyboard in Resources */,
			);
			runOnlyForDeploymentPostprocessing = 0;
		};
		E7808E161C2C20A300F766BF /* Resources */ = {
			isa = PBXResourcesBuildPhase;
			buildActionMask = 2147483647;
			files = (
			);
			runOnlyForDeploymentPostprocessing = 0;
		};
		E7808E211C2C20A300F766BF /* Resources */ = {
			isa = PBXResourcesBuildPhase;
			buildActionMask = 2147483647;
			files = (
			);
			runOnlyForDeploymentPostprocessing = 0;
		};
/* End PBXResourcesBuildPhase section */

/* Begin PBXSourcesBuildPhase section */
		E7808DFB1C2C20A300F766BF /* Sources */ = {
			isa = PBXSourcesBuildPhase;
			buildActionMask = 2147483647;
			files = (
				E7808E0A1C2C20A300F766BF /* SwitchingViewController.m in Sources */,
				E7808E3A1C2C216600F766BF /* YellowViewController.m in Sources */,
				E7808E071C2C20A300F766BF /* AppDelegate.m in Sources */,
				E7808E371C2C213F00F766BF /* BlueViewController.m in Sources */,
				E7808E041C2C20A300F766BF /* main.m in Sources */,
			);
			runOnlyForDeploymentPostprocessing = 0;
		};
		E7808E141C2C20A300F766BF /* Sources */ = {
			isa = PBXSourcesBuildPhase;
			buildActionMask = 2147483647;
			files = (
				E7808E1D1C2C20A300F766BF /* View_SwitcherTests.m in Sources */,
			);
			runOnlyForDeploymentPostprocessing = 0;
		};
		E7808E1F1C2C20A300F766BF /* Sources */ = {
			isa = PBXSourcesBuildPhase;
			buildActionMask = 2147483647;
			files = (
				E7808E281C2C20A400F766BF /* View_SwitcherUITests.m in Sources */,
			);
			runOnlyForDeploymentPostprocessing = 0;
		};
/* End PBXSourcesBuildPhase section */

/* Begin PBXTargetDependency section */
		E7808E1A1C2C20A300F766BF /* PBXTargetDependency */ = {
			isa = PBXTargetDependency;
			target = E7808DFE1C2C20A300F766BF /* View Switcher */;
			targetProxy = E7808E191C2C20A300F766BF /* PBXContainerItemProxy */;
		};
		E7808E251C2C20A300F766BF /* PBXTargetDependency */ = {
			isa = PBXTargetDependency;
			target = E7808DFE1C2C20A300F766BF /* View Switcher */;
			targetProxy = E7808E241C2C20A300F766BF /* PBXContainerItemProxy */;
		};
/* End PBXTargetDependency section */

/* Begin PBXVariantGroup section */
		E7808E0B1C2C20A300F766BF /* Main.storyboard */ = {
			isa = PBXVariantGroup;
			children = (
				E7808E0C1C2C20A300F766BF /* Base */,
			);
			name = Main.storyboard;
			sourceTree = "<group>";
		};
		E7808E101C2C20A300F766BF /* LaunchScreen.storyboard */ = {
			isa = PBXVariantGroup;
			children = (
				E7808E111C2C20A300F766BF /* Base */,
			);
			name = LaunchScreen.storyboard;
			sourceTree = "<group>";
		};
/* End PBXVariantGroup section */

/* Begin XCBuildConfiguration section */
		E7808E2A1C2C20A400F766BF /* Debug */ = {
			isa = XCBuildConfiguration;
			buildSettings = {
				ALWAYS_SEARCH_USER_PATHS = NO;
				CLANG_CXX_LANGUAGE_STANDARD = "gnu++0x";
				CLANG_CXX_LIBRARY = "libc++";
				CLANG_ENABLE_MODULES = YES;
				CLANG_ENABLE_OBJC_ARC = YES;
				CLANG_WARN_BOOL_CONVERSION = YES;
				CLANG_WARN_CONSTANT_CONVERSION = YES;
				CLANG_WARN_DIRECT_OBJC_ISA_USAGE = YES_ERROR;
				CLANG_WARN_EMPTY_BODY = YES;
				CLANG_WARN_ENUM_CONVERSION = YES;
				CLANG_WARN_INT_CONVERSION = YES;
				CLANG_WARN_OBJC_ROOT_CLASS = YES_ERROR;
				CLANG_WARN_UNREACHABLE_CODE = YES;
				CLANG_WARN__DUPLICATE_METHOD_MATCH = YES;
				"CODE_SIGN_IDENTITY[sdk=iphoneos*]" = "iPhone Developer";
				COPY_PHASE_STRIP = NO;
				DEBUG_INFORMATION_FORMAT = dwarf;
				ENABLE_STRICT_OBJC_MSGSEND = YES;
				ENABLE_TESTABILITY = YES;
				GCC_C_LANGUAGE_STANDARD = gnu99;
				GCC_DYNAMIC_NO_PIC = NO;
				GCC_NO_COMMON_BLOCKS = YES;
				GCC_OPTIMIZATION_LEVEL = 0;
				GCC_PREPROCESSOR_DEFINITIONS = (
					"DEBUG=1",
					"$(inherited)",
				);
				GCC_WARN_64_TO_32_BIT_CONVERSION = YES;
				GCC_WARN_ABOUT_RETURN_TYPE = YES_ERROR;
				GCC_WARN_UNDECLARED_SELECTOR = YES;
				GCC_WARN_UNINITIALIZED_AUTOS = YES_AGGRESSIVE;
				GCC_WARN_UNUSED_FUNCTION = YES;
				GCC_WARN_UNUSED_VARIABLE = YES;
				IPHONEOS_DEPLOYMENT_TARGET = 9.1;
				MTL_ENABLE_DEBUG_INFO = YES;
				ONLY_ACTIVE_ARCH = YES;
				SDKROOT = iphoneos;
				TARGETED_DEVICE_FAMILY = "1,2";
			};
			name = Debug;
		};
		E7808E2B1C2C20A400F766BF /* Release */ = {
			isa = XCBuildConfiguration;
			buildSettings = {
				ALWAYS_SEARCH_USER_PATHS = NO;
				CLANG_CXX_LANGUAGE_STANDARD = "gnu++0x";
				CLANG_CXX_LIBRARY = "libc++";
				CLANG_ENABLE_MODULES = YES;
				CLANG_ENABLE_OBJC_ARC = YES;
				CLANG_WARN_BOOL_CONVERSION = YES;
				CLANG_WARN_CONSTANT_CONVERSION = YES;
				CLANG_WARN_DIRECT_OBJC_ISA_USAGE = YES_ERROR;
				CLANG_WARN_EMPTY_BODY = YES;
				CLANG_WARN_ENUM_CONVERSION = YES;
				CLANG_WARN_INT_CONVERSION = YES;
				CLANG_WARN_OBJC_ROOT_CLASS = YES_ERROR;
				CLANG_WARN_UNREACHABLE_CODE = YES;
				CLANG_WARN__DUPLICATE_METHOD_MATCH = YES;
				"CODE_SIGN_IDENTITY[sdk=iphoneos*]" = "iPhone Developer";
				COPY_PHASE_STRIP = NO;
				DEBUG_INFORMATION_FORMAT = "dwarf-with-dsym";
				ENABLE_NS_ASSERTIONS = NO;
				ENABLE_STRICT_OBJC_MSGSEND = YES;
				GCC_C_LANGUAGE_STANDARD = gnu99;
				GCC_NO_COMMON_BLOCKS = YES;
				GCC_WARN_64_TO_32_BIT_CONVERSION = YES;
				GCC_WARN_ABOUT_RETURN_TYPE = YES_ERROR;
				GCC_WARN_UNDECLARED_SELECTOR = YES;
				GCC_WARN_UNINITIALIZED_AUTOS = YES_AGGRESSIVE;
				GCC_WARN_UNUSED_FUNCTION = YES;
				GCC_WARN_UNUSED_VARIABLE = YES;
				IPHONEOS_DEPLOYMENT_TARGET = 9.1;
				MTL_ENABLE_DEBUG_INFO = NO;
				SDKROOT = iphoneos;
				TARGETED_DEVICE_FAMILY = "1,2";
				VALIDATE_PRODUCT = YES;
			};
			name = Release;
		};
		E7808E2D1C2C20A400F766BF /* Debug */ = {
			isa = XCBuildConfiguration;
			buildSettings = {
				ASSETCATALOG_COMPILER_APPICON_NAME = AppIcon;
				INFOPLIST_FILE = "View Switcher/Info.plist";
				LD_RUNPATH_SEARCH_PATHS = "$(inherited) @executable_path/Frameworks";
				PRODUCT_BUNDLE_IDENTIFIER = "kerr.View-Switcher";
				PRODUCT_NAME = "$(TARGET_NAME)";
			};
			name = Debug;
		};
		E7808E2E1C2C20A400F766BF /* Release */ = {
			isa = XCBuildConfiguration;
			buildSettings = {
				ASSETCATALOG_COMPILER_APPICON_NAME = AppIcon;
				INFOPLIST_FILE = "View Switcher/Info.plist";
				LD_RUNPATH_SEARCH_PATHS = "$(inherited) @executable_path/Frameworks";
				PRODUCT_BUNDLE_IDENTIFIER = "kerr.View-Switcher";
				PRODUCT_NAME = "$(TARGET_NAME)";
			};
			name = Release;
		};
		E7808E301C2C20A400F766BF /* Debug */ = {
			isa = XCBuildConfiguration;
			buildSettings = {
				BUNDLE_LOADER = "$(TEST_HOST)";
				INFOPLIST_FILE = "View SwitcherTests/Info.plist";
				LD_RUNPATH_SEARCH_PATHS = "$(inherited) @executable_path/Frameworks @loader_path/Frameworks";
				PRODUCT_BUNDLE_IDENTIFIER = "kerr.View-SwitcherTests";
				PRODUCT_NAME = "$(TARGET_NAME)";
				TEST_HOST = "$(BUILT_PRODUCTS_DIR)/View Switcher.app/View Switcher";
			};
			name = Debug;
		};
		E7808E311C2C20A400F766BF /* Release */ = {
			isa = XCBuildConfiguration;
			buildSettings = {
				BUNDLE_LOADER = "$(TEST_HOST)";
				INFOPLIST_FILE = "View SwitcherTests/Info.plist";
				LD_RUNPATH_SEARCH_PATHS = "$(inherited) @executable_path/Frameworks @loader_path/Frameworks";
				PRODUCT_BUNDLE_IDENTIFIER = "kerr.View-SwitcherTests";
				PRODUCT_NAME = "$(TARGET_NAME)";
				TEST_HOST = "$(BUILT_PRODUCTS_DIR)/View Switcher.app/View Switcher";
			};
			name = Release;
		};
		E7808E331C2C20A400F766BF /* Debug */ = {
			isa = XCBuildConfiguration;
			buildSettings = {
				INFOPLIST_FILE = "View SwitcherUITests/Info.plist";
				LD_RUNPATH_SEARCH_PATHS = "$(inherited) @executable_path/Frameworks @loader_path/Frameworks";
				PRODUCT_BUNDLE_IDENTIFIER = "kerr.View-SwitcherUITests";
				PRODUCT_NAME = "$(TARGET_NAME)";
				TEST_TARGET_NAME = "View Switcher";
				USES_XCTRUNNER = YES;
			};
			name = Debug;
		};
		E7808E341C2C20A400F766BF /* Release */ = {
			isa = XCBuildConfiguration;
			buildSettings = {
				INFOPLIST_FILE = "View SwitcherUITests/Info.plist";
				LD_RUNPATH_SEARCH_PATHS = "$(inherited) @executable_path/Frameworks @loader_path/Frameworks";
				PRODUCT_BUNDLE_IDENTIFIER = "kerr.View-SwitcherUITests";
				PRODUCT_NAME = "$(TARGET_NAME)";
				TEST_TARGET_NAME = "View Switcher";
				USES_XCTRUNNER = YES;
			};
			name = Release;
		};
/* End XCBuildConfiguration section */

/* Begin XCConfigurationList section */
		E7808DFA1C2C20A300F766BF /* Build configuration list for PBXProject "View Switcher" */ = {
			isa = XCConfigurationList;
			buildConfigurations = (
				E7808E2A1C2C20A400F766BF /* Debug */,
				E7808E2B1C2C20A400F766BF /* Release */,
			);
			defaultConfigurationIsVisible = 0;
			defaultConfigurationName = Release;
		};
		E7808E2C1C2C20A400F766BF /* Build configuration list for PBXNativeTarget "View Switcher" */ = {
			isa = XCConfigurationList;
			buildConfigurations = (
				E7808E2D1C2C20A400F766BF /* Debug */,
				E7808E2E1C2C20A400F766BF /* Release */,
			);
			defaultConfigurationIsVisible = 0;
		};
		E7808E2F1C2C20A400F766BF /* Build configuration list for PBXNativeTarget "View SwitcherTests" */ = {
			isa = XCConfigurationList;
			buildConfigurations = (
				E7808E301C2C20A400F766BF /* Debug */,
				E7808E311C2C20A400F766BF /* Release */,
			);
			defaultConfigurationIsVisible = 0;
		};
		E7808E321C2C20A400F766BF /* Build configuration list for PBXNativeTarget "View SwitcherUITests" */ = {
			isa = XCConfigurationList;
			buildConfigurations = (
				E7808E331C2C20A400F766BF /* Debug */,
				E7808E341C2C20A400F766BF /* Release */,
			);
			defaultConfigurationIsVisible = 0;
		};
/* End XCConfigurationList section */
	};
	rootObject = E7808DF71C2C20A300F766BF /* Project object */;
}
